schema: '2.0'
stages:
  books_to_paragraphs:
    cmd: python albalat/scripts/books_to_paragraphs.py 
      albalat/data/interim/paragraphs.parquet
    outs:
    - path: albalat/data/interim/metadata_ids.csv
      hash: md5
      md5: 40cd256f4b213b8d2950309b30ddcd63
      size: 9253521
    - path: albalat/data/interim/paragraphs.parquet
      hash: md5
      md5: 5946e1a3424f2f961b463335c5ec2754
      size: 5655616533
  paragraphs_to_chunks:
    cmd: python albalat/scripts/paragraphs_to_chunks.py 
      albalat/data/interim/paragraphs.parquet 
      albalat/data/processed/chunks.parquet 1500 40
    deps:
    - path: albalat/data/interim/paragraphs.parquet
      hash: md5
      md5: 5946e1a3424f2f961b463335c5ec2754
      size: 5655616533
    - path: albalat/scripts/books_to_paragraphs.py
      hash: md5
      md5: abe449733caeae55dd34ba329586e44e
      size: 15337
    outs:
    - path: albalat/data/processed/chunks.parquet
      hash: md5
      md5: f0f27be600f2182e951053c805bf17c9
      size: 5919084479
