schema: '2.0'
stages:
  books_to_paragraphs:
    cmd: python albalat/scripts/books_to_paragraphs.py 
      albalat/data/interim/paragraphs.parquet --no-streaming
    outs:
    - path: albalat/data/interim/metadata_ids.csv
      hash: md5
      md5: 40cd256f4b213b8d2950309b30ddcd63
      size: 9253521
    - path: albalat/data/interim/paragraphs.parquet
      hash: md5
      md5: 31c94c17f5e2b2c75a4c8054d1ef0eec
      size: 5655854898
  paragraphs_to_chunks:
    cmd: python albalat/scripts/paragraphs_to_chunks.py 
      albalat/data/interim/paragraphs.parquet 
      albalat/data/processed/chunks.parquet 1500 40
    deps:
    - path: albalat/data/interim/paragraphs.parquet
      hash: md5
      md5: 31c94c17f5e2b2c75a4c8054d1ef0eec
      size: 5655854898
    - path: albalat/scripts/books_to_paragraphs.py
      hash: md5
      md5: 90fc5969a97d8b8dbb5423860aea2c11
      size: 15338
    outs:
    - path: albalat/data/processed/chunks.parquet
      hash: md5
      md5: 00da2607f884eee4828238a4869dfae5
      size: 5919084479
  chunks_to_embeddings:
    cmd: bash albalat/scripts/run_embedding.sh
    deps:
    - path: albalat/data/processed/chunks.parquet
      hash: md5
      md5: 00da2607f884eee4828238a4869dfae5
      size: 5919084479
    - path: albalat/scripts/run_embedding.sh
      hash: md5
      md5: ac2e3d312712ec6c9b6da39af7bd5e60
      size: 229
    outs:
    - path: albalat/data/processed/embeddings/
      hash: md5
      md5: 3dbbdf185d1bbc6a4fb20e07d9b1910d.dir
      size: 32393579834
      nfiles: 4
